
# cargo-vet imports lock

[[publisher.thiserror]]
version = "2.0.18"
when = "2026-01-18"
user-id = 3618
user-login = "dtolnay"
user-name = "David Tolnay"

[[publisher.thiserror-impl]]
version = "2.0.18"
when = "2026-01-18"
user-id = 3618
user-login = "dtolnay"
user-name = "David Tolnay"

[[audits.isrg.audits.alloca]]
who = "David Cook <dcook@divviup.org>"
criteria = "safe-to-run"
version = "0.4.0"

[[audits.isrg.audits.cpufeatures]]
who = "David Cook <dcook@divviup.org>"
criteria = "safe-to-deploy"
delta = "0.2.14 -> 0.2.15"

[[audits.isrg.audits.cpufeatures]]
who = "David Cook <dcook@divviup.org>"
criteria = "safe-to-deploy"
delta = "0.2.15 -> 0.2.16"

[[audits.isrg.audits.cpufeatures]]
who = "David Cook <dcook@divviup.org>"
criteria = "safe-to-deploy"
delta = "0.2.16 -> 0.2.17"

[[audits.isrg.audits.cpufeatures]]
who = "David Cook <dcook@divviup.org>"
criteria = "safe-to-deploy"
delta = "0.2.17 -> 0.3.0"

[[audits.isrg.audits.criterion-plot]]
who = "J.C. Jones <jc@divviup.org>"
criteria = "safe-to-run"
version = "0.8.1"

[[audits.isrg.audits.criterion-plot]]
who = "J.C. Jones <jc@divviup.org>"
criteria = "safe-to-run"
delta = "0.8.1 -> 0.8.2"

[[audits.isrg.audits.digest]]
who = "David Cook <dcook@divviup.org>"
criteria = "safe-to-deploy"
delta = "0.10.6 -> 0.10.7"

[[audits.isrg.audits.page_size]]
who = "David Cook <dcook@divviup.org>"
criteria = "safe-to-run"
version = "0.6.0"

[[audits.isrg.audits.rand_chacha]]
who = "David Cook <dcook@divviup.org>"
criteria = "safe-to-deploy"
version = "0.3.1"

[[audits.isrg.audits.rand_chacha]]
who = "David Cook <dcook@divviup.org>"
criteria = "safe-to-deploy"
delta = "0.3.1 -> 0.9.0"

[[audits.isrg.audits.rand_core]]
who = "David Cook <dcook@divviup.org>"
criteria = "safe-to-deploy"
delta = "0.6.4 -> 0.9.3"

[[audits.isrg.audits.rand_core]]
who = "J.C. Jones <jc@divviup.org>"
criteria = "safe-to-deploy"
delta = "0.9.3 -> 0.9.5"

[[audits.isrg.audits.rayon-core]]
who = "Ameer Ghani <inahga@divviup.org>"
criteria = "safe-to-deploy"
version = "1.12.1"

[[audits.isrg.audits.rayon-core]]
who = "David Cook <dcook@divviup.org>"
criteria = "safe-to-deploy"
delta = "1.12.1 -> 1.13.0"

[[audits.isrg.audits.sha2]]
who = "David Cook <dcook@divviup.org>"
criteria = "safe-to-deploy"
delta = "0.10.8 -> 0.10.9"
